
Microsoft Visual Studio Solution File, Format Version 12.00
# Visual Studio 15
Project("{FAE04EC0-301F-11D3-BF4B-00C04F79EFBC}") = "Shared", "Shared\Shared.csproj", "{6DD05A83-0E35-421D-9514-A1F86044E62E}"
EndProject
Project("{FAE04EC0-301F-11D3-BF4B-00C04F79EFBC}") = "PitchforkScraper", "PitchforkScraper\PitchforkScraper.csproj", "{C18C92E5-5151-4429-85FF-7007873E95F4}"
EndProject
Project("{FAE04EC0-301F-11D3-BF4B-00C04F79EFBC}") = "Service", "Service\Service.csproj", "{560FEEA7-D8F8-4219-9EB6-0B834C3B2265}"
EndProject
Project("{FAE04EC0-301F-11D3-BF4B-00C04F79EFBC}") = "Site", "Site\Site.csproj", "{DD57CDF0-E7C8-413A-8EE1-5E56E936647F}"
EndProject
Global
	GlobalSection(SolutionConfigurationPlatforms) = preSolution
		Debug|Any CPU = Debug|Any CPU
		Release|Any CPU = Release|Any CPU
	EndGlobalSection
	GlobalSection(ProjectConfigurationPlatforms) = postSolution
		{6DD05A83-0E35-421D-9514-A1F86044E62E}.Debug|Any CPU.ActiveCfg = Debug|Any CPU
		{6DD05A83-0E35-421D-9514-A1F86044E62E}.Debug|Any CPU.Build.0 = Debug|Any CPU
		{6DD05A83-0E35-421D-9514-A1F86044E62E}.Release|Any CPU.ActiveCfg = Release|Any CPU
		{6DD05A83-0E35-421D-9514-A1F86044E62E}.Release|Any CPU.Build.0 = Release|Any CPU
		{C18C92E5-5151-4429-85FF-7007873E95F4}.Debug|Any CPU.ActiveCfg = Debug|Any CPU
		{C18C92E5-5151-4429-85FF-7007873E95F4}.Debug|Any CPU.Build.0 = Debug|Any CPU
		{C18C92E5-5151-4429-85FF-7007873E95F4}.Release|Any CPU.ActiveCfg = Release|Any CPU
		{C18C92E5-5151-4429-85FF-7007873E95F4}.Release|Any CPU.Build.0 = Release|Any CPU
		{560FEEA7-D8F8-4219-9EB6-0B834C3B2265}.Debug|Any CPU.ActiveCfg = Debug|Any CPU
		{560FEEA7-D8F8-4219-9EB6-0B834C3B2265}.Debug|Any CPU.Build.0 = Debug|Any CPU
		{560FEEA7-D8F8-4219-9EB6-0B834C3B2265}.Release|Any CPU.ActiveCfg = Release|Any CPU
		{560FEEA7-D8F8-4219-9EB6-0B834C3B2265}.Release|Any CPU.Build.0 = Release|Any CPU
		{DD57CDF0-E7C8-413A-8EE1-5E56E936647F}.Debug|Any CPU.ActiveCfg = Debug|Any CPU
		{DD57CDF0-E7C8-413A-8EE1-5E56E936647F}.Debug|Any CPU.Build.0 = Debug|Any CPU
		{DD57CDF0-E7C8-413A-8EE1-5E56E936647F}.Release|Any CPU.ActiveCfg = Release|Any CPU
		{DD57CDF0-E7C8-413A-8EE1-5E56E936647F}.Release|Any CPU.Build.0 = Release|Any CPU
	EndGlobalSection
EndGlobal
